// !$*UTF8*$!
{
	archiveVersion = 1;
	classes = {
	};
	objectVersion = 46;
	objects = {

/* Begin PBXBuildFile section */
		6F11E3EE5E24D67961DCD22B /* Pods_Toggelr.framework in Frameworks */ = {isa = PBXBuildFile; fileRef = 8E2F982D2234BC7614898008 /* Pods_Toggelr.framework */; };
		D04334441BA1A60D000E383D /* AppDelegate.swift in Sources */ = {isa = PBXBuildFile; fileRef = D04334431BA1A60D000E383D /* AppDelegate.swift */; };
		D04334461BA1A60D000E383D /* PlayerViewController.swift in Sources */ = {isa = PBXBuildFile; fileRef = D04334451BA1A60D000E383D /* PlayerViewController.swift */; };
		D04334491BA1A60D000E383D /* Main.storyboard in Resources */ = {isa = PBXBuildFile; fileRef = D04334471BA1A60D000E383D /* Main.storyboard */; };
		D043344B1BA1A60D000E383D /* Images.xcassets in Resources */ = {isa = PBXBuildFile; fileRef = D043344A1BA1A60D000E383D /* Images.xcassets */; };
		D043344E1BA1A60D000E383D /* LaunchScreen.xib in Resources */ = {isa = PBXBuildFile; fileRef = D043344C1BA1A60D000E383D /* LaunchScreen.xib */; };
		D043345A1BA1A60D000E383D /* TableSoccerPocTests.swift in Sources */ = {isa = PBXBuildFile; fileRef = D04334591BA1A60D000E383D /* TableSoccerPocTests.swift */; };
		D04334651BA1B936000E383D /* PlayerView.swift in Sources */ = {isa = PBXBuildFile; fileRef = D04334641BA1B936000E383D /* PlayerView.swift */; };
		D04334671BA1BDC1000E383D /* GoalCell.swift in Sources */ = {isa = PBXBuildFile; fileRef = D04334661BA1BDC1000E383D /* GoalCell.swift */; };
		D04334691BA1BEDD000E383D /* PlayersCollectionViewController.swift in Sources */ = {isa = PBXBuildFile; fileRef = D04334681BA1BEDD000E383D /* PlayersCollectionViewController.swift */; };
		D043346D1BA1C4F1000E383D /* ColorCell.swift in Sources */ = {isa = PBXBuildFile; fileRef = D043346A1BA1C4F1000E383D /* ColorCell.swift */; };
		D043346E1BA1C4F1000E383D /* KDDragAndDropCollectionView.swift in Sources */ = {isa = PBXBuildFile; fileRef = D043346B1BA1C4F1000E383D /* KDDragAndDropCollectionView.swift */; };
		D043346F1BA1C4F1000E383D /* KDDragAndDropManager.swift in Sources */ = {isa = PBXBuildFile; fileRef = D043346C1BA1C4F1000E383D /* KDDragAndDropManager.swift */; };
		D04334711BA1CBAF000E383D /* CenterCellCollectionViewFlowLayout.swift in Sources */ = {isa = PBXBuildFile; fileRef = D04334701BA1CBAF000E383D /* CenterCellCollectionViewFlowLayout.swift */; };
		D0AFE95C1BB2D990008C3FBA /* GameViewController.swift in Sources */ = {isa = PBXBuildFile; fileRef = D0AFE95B1BB2D990008C3FBA /* GameViewController.swift */; };
/* End PBXBuildFile section */

/* Begin PBXContainerItemProxy section */
		D04334541BA1A60D000E383D /* PBXContainerItemProxy */ = {
			isa = PBXContainerItemProxy;
			containerPortal = D04334361BA1A60D000E383D /* Project object */;
			proxyType = 1;
			remoteGlobalIDString = D043343D1BA1A60D000E383D;
			remoteInfo = TableSoccerPoc;
		};
/* End PBXContainerItemProxy section */

/* Begin PBXFileReference section */
		8E2F982D2234BC7614898008 /* Pods_Toggelr.framework */ = {isa = PBXFileReference; explicitFileType = wrapper.framework; includeInIndex = 0; path = Pods_Toggelr.framework; sourceTree = BUILT_PRODUCTS_DIR; };
		D043343E1BA1A60D000E383D /* Toggelr.app */ = {isa = PBXFileReference; explicitFileType = wrapper.application; includeInIndex = 0; path = Toggelr.app; sourceTree = BUILT_PRODUCTS_DIR; };
		D04334421BA1A60D000E383D /* Info.plist */ = {isa = PBXFileReference; lastKnownFileType = text.plist.xml; path = Info.plist; sourceTree = "<group>"; };
		D04334431BA1A60D000E383D /* AppDelegate.swift */ = {isa = PBXFileReference; lastKnownFileType = sourcecode.swift; path = AppDelegate.swift; sourceTree = "<group>"; };
		D04334451BA1A60D000E383D /* PlayerViewController.swift */ = {isa = PBXFileReference; lastKnownFileType = sourcecode.swift; path = PlayerViewController.swift; sourceTree = "<group>"; };
		D04334481BA1A60D000E383D /* Base */ = {isa = PBXFileReference; lastKnownFileType = file.storyboard; name = Base; path = Base.lproj/Main.storyboard; sourceTree = "<group>"; };
		D043344A1BA1A60D000E383D /* Images.xcassets */ = {isa = PBXFileReference; lastKnownFileType = folder.assetcatalog; path = Images.xcassets; sourceTree = "<group>"; };
		D043344D1BA1A60D000E383D /* Base */ = {isa = PBXFileReference; lastKnownFileType = file.xib; name = Base; path = Base.lproj/LaunchScreen.xib; sourceTree = "<group>"; };
		D04334531BA1A60D000E383D /* Toggelr.xctest */ = {isa = PBXFileReference; explicitFileType = wrapper.cfbundle; includeInIndex = 0; path = Toggelr.xctest; sourceTree = BUILT_PRODUCTS_DIR; };
		D04334581BA1A60D000E383D /* Info.plist */ = {isa = PBXFileReference; lastKnownFileType = text.plist.xml; path = Info.plist; sourceTree = "<group>"; };
		D04334591BA1A60D000E383D /* TableSoccerPocTests.swift */ = {isa = PBXFileReference; lastKnownFileType = sourcecode.swift; path = TableSoccerPocTests.swift; sourceTree = "<group>"; };
		D04334641BA1B936000E383D /* PlayerView.swift */ = {isa = PBXFileReference; fileEncoding = 4; lastKnownFileType = sourcecode.swift; path = PlayerView.swift; sourceTree = "<group>"; };
		D04334661BA1BDC1000E383D /* GoalCell.swift */ = {isa = PBXFileReference; fileEncoding = 4; lastKnownFileType = sourcecode.swift; path = GoalCell.swift; sourceTree = "<group>"; };
		D04334681BA1BEDD000E383D /* PlayersCollectionViewController.swift */ = {isa = PBXFileReference; fileEncoding = 4; lastKnownFileType = sourcecode.swift; path = PlayersCollectionViewController.swift; sourceTree = "<group>"; };
		D043346A1BA1C4F1000E383D /* ColorCell.swift */ = {isa = PBXFileReference; fileEncoding = 4; lastKnownFileType = sourcecode.swift; name = ColorCell.swift; path = "../KDDragAndDropCollectionView-master/KDDragAndDropCollectionViews/ColorCell.swift"; sourceTree = "<group>"; };
		D043346B1BA1C4F1000E383D /* KDDragAndDropCollectionView.swift */ = {isa = PBXFileReference; fileEncoding = 4; lastKnownFileType = sourcecode.swift; name = KDDragAndDropCollectionView.swift; path = "../KDDragAndDropCollectionView-master/KDDragAndDropCollectionViews/KDDragAndDropCollectionView.swift"; sourceTree = "<group>"; };
		D043346C1BA1C4F1000E383D /* KDDragAndDropManager.swift */ = {isa = PBXFileReference; fileEncoding = 4; lastKnownFileType = sourcecode.swift; name = KDDragAndDropManager.swift; path = "../KDDragAndDropCollectionView-master/KDDragAndDropCollectionViews/KDDragAndDropManager.swift"; sourceTree = "<group>"; };
		D04334701BA1CBAF000E383D /* CenterCellCollectionViewFlowLayout.swift */ = {isa = PBXFileReference; fileEncoding = 4; lastKnownFileType = sourcecode.swift; path = CenterCellCollectionViewFlowLayout.swift; sourceTree = "<group>"; };
		D0AFE95B1BB2D990008C3FBA /* GameViewController.swift */ = {isa = PBXFileReference; fileEncoding = 4; lastKnownFileType = sourcecode.swift; path = GameViewController.swift; sourceTree = "<group>"; };
		D68EF0DEAF052ACFFB88F810 /* Pods-Toggelr.debug.xcconfig */ = {isa = PBXFileReference; includeInIndex = 1; lastKnownFileType = text.xcconfig; name = "Pods-Toggelr.debug.xcconfig"; path = "Pods/Target Support Files/Pods-Toggelr/Pods-Toggelr.debug.xcconfig"; sourceTree = "<group>"; };
		EEFEA0893F1561182FB01A4C /* Pods-Toggelr.release.xcconfig */ = {isa = PBXFileReference; includeInIndex = 1; lastKnownFileType = text.xcconfig; name = "Pods-Toggelr.release.xcconfig"; path = "Pods/Target Support Files/Pods-Toggelr/Pods-Toggelr.release.xcconfig"; sourceTree = "<group>"; };
/* End PBXFileReference section */

/* Begin PBXFrameworksBuildPhase section */
		D043343B1BA1A60D000E383D /* Frameworks */ = {
			isa = PBXFrameworksBuildPhase;
			buildActionMask = 2147483647;
			files = (
				6F11E3EE5E24D67961DCD22B /* Pods_Toggelr.framework in Frameworks */,
			);
			runOnlyForDeploymentPostprocessing = 0;
		};
		D04334501BA1A60D000E383D /* Frameworks */ = {
			isa = PBXFrameworksBuildPhase;
			buildActionMask = 2147483647;
			files = (
			);
			runOnlyForDeploymentPostprocessing = 0;
		};
/* End PBXFrameworksBuildPhase section */

/* Begin PBXGroup section */
		1A3BA3ADD892CD9D2A6B02BE /* Frameworks */ = {
			isa = PBXGroup;
			children = (
				8E2F982D2234BC7614898008 /* Pods_Toggelr.framework */,
			);
			name = Frameworks;
			sourceTree = "<group>";
		};
		3ECB286DC294E70EA2B311EA /* Pods */ = {
			isa = PBXGroup;
			children = (
				D68EF0DEAF052ACFFB88F810 /* Pods-Toggelr.debug.xcconfig */,
				EEFEA0893F1561182FB01A4C /* Pods-Toggelr.release.xcconfig */,
			);
			name = Pods;
			sourceTree = "<group>";
		};
		D04334351BA1A60D000E383D = {
			isa = PBXGroup;
			children = (
				D04334401BA1A60D000E383D /* TableSoccerPoc */,
				D04334561BA1A60D000E383D /* TableSoccerPocTests */,
				D043343F1BA1A60D000E383D /* Products */,
				3ECB286DC294E70EA2B311EA /* Pods */,
				1A3BA3ADD892CD9D2A6B02BE /* Frameworks */,
			);
			sourceTree = "<group>";
		};
		D043343F1BA1A60D000E383D /* Products */ = {
			isa = PBXGroup;
			children = (
				D043343E1BA1A60D000E383D /* Toggelr.app */,
				D04334531BA1A60D000E383D /* Toggelr.xctest */,
			);
			name = Products;
			sourceTree = "<group>";
		};
		D04334401BA1A60D000E383D /* TableSoccerPoc */ = {
			isa = PBXGroup;
			children = (
				D095BF531BB13A4E00EFD57C /* Delegate */,
				D095BF541BB13A5A00EFD57C /* Storyboards */,
				D095BF501BB139FF00EFD57C /* Controllers */,
				D095BF551BB13A9100EFD57C /* Views */,
				D095BF511BB13A2400EFD57C /* Utility */,
				D043346A1BA1C4F1000E383D /* ColorCell.swift */,
				D04334661BA1BDC1000E383D /* GoalCell.swift */,
				D043344A1BA1A60D000E383D /* Images.xcassets */,
				D04334411BA1A60D000E383D /* Supporting Files */,
			);
			path = TableSoccerPoc;
			sourceTree = "<group>";
		};
		D04334411BA1A60D000E383D /* Supporting Files */ = {
			isa = PBXGroup;
			children = (
				D04334421BA1A60D000E383D /* Info.plist */,
			);
			name = "Supporting Files";
			sourceTree = "<group>";
		};
		D04334561BA1A60D000E383D /* TableSoccerPocTests */ = {
			isa = PBXGroup;
			children = (
				D04334591BA1A60D000E383D /* TableSoccerPocTests.swift */,
				D04334571BA1A60D000E383D /* Supporting Files */,
			);
			path = TableSoccerPocTests;
			sourceTree = "<group>";
		};
		D04334571BA1A60D000E383D /* Supporting Files */ = {
			isa = PBXGroup;
			children = (
				D04334581BA1A60D000E383D /* Info.plist */,
			);
			name = "Supporting Files";
			sourceTree = "<group>";
		};
		D095BF501BB139FF00EFD57C /* Controllers */ = {
			isa = PBXGroup;
			children = (
				D04334451BA1A60D000E383D /* PlayerViewController.swift */,
				D04334681BA1BEDD000E383D /* PlayersCollectionViewController.swift */,
				D0AFE95B1BB2D990008C3FBA /* GameViewController.swift */,
			);
			name = Controllers;
			sourceTree = "<group>";
		};
		D095BF511BB13A2400EFD57C /* Utility */ = {
			isa = PBXGroup;
			children = (
				D04334701BA1CBAF000E383D /* CenterCellCollectionViewFlowLayout.swift */,
				D095BF521BB13A2D00EFD57C /* DragDrop */,
			);
			name = Utility;
			sourceTree = "<group>";
		};
		D095BF521BB13A2D00EFD57C /* DragDrop */ = {
			isa = PBXGroup;
			children = (
				D043346B1BA1C4F1000E383D /* KDDragAndDropCollectionView.swift */,
				D043346C1BA1C4F1000E383D /* KDDragAndDropManager.swift */,
			);
			name = DragDrop;
			sourceTree = "<group>";
		};
		D095BF531BB13A4E00EFD57C /* Delegate */ = {
			isa = PBXGroup;
			children = (
				D04334431BA1A60D000E383D /* AppDelegate.swift */,
			);
			name = Delegate;
			sourceTree = "<group>";
		};
		D095BF541BB13A5A00EFD57C /* Storyboards */ = {
			isa = PBXGroup;
			children = (
				D04334471BA1A60D000E383D /* Main.storyboard */,
			);
			name = Storyboards;
			sourceTree = "<group>";
		};
		D095BF551BB13A9100EFD57C /* Views */ = {
			isa = PBXGroup;
			children = (
				D043344C1BA1A60D000E383D /* LaunchScreen.xib */,
				D04334641BA1B936000E383D /* PlayerView.swift */,
			);
			name = Views;
			sourceTree = "<group>";
		};
/* End PBXGroup section */

/* Begin PBXNativeTarget section */
		D043343D1BA1A60D000E383D /* Toggelr */ = {
			isa = PBXNativeTarget;
			buildConfigurationList = D043345D1BA1A60D000E383D /* Build configuration list for PBXNativeTarget "Toggelr" */;
			buildPhases = (
				590E52F4EBFBD5578C092283 /* [CP] Check Pods Manifest.lock */,
				D043343A1BA1A60D000E383D /* Sources */,
				D043343B1BA1A60D000E383D /* Frameworks */,
				D043343C1BA1A60D000E383D /* Resources */,
				A26058B7D5B1DF75A54FFF9F /* [CP] Embed Pods Frameworks */,
				0B1EBC5D36609E1E934A8E08 /* [CP] Copy Pods Resources */,
			);
			buildRules = (
			);
			dependencies = (
			);
			name = Toggelr;
			productName = TableSoccerPoc;
			productReference = D043343E1BA1A60D000E383D /* Toggelr.app */;
			productType = "com.apple.product-type.application";
		};
		D04334521BA1A60D000E383D /* ToggelrTests */ = {
			isa = PBXNativeTarget;
			buildConfigurationList = D04334601BA1A60D000E383D /* Build configuration list for PBXNativeTarget "ToggelrTests" */;
			buildPhases = (
				D043344F1BA1A60D000E383D /* Sources */,
				D04334501BA1A60D000E383D /* Frameworks */,
				D04334511BA1A60D000E383D /* Resources */,
			);
			buildRules = (
			);
			dependencies = (
				D04334551BA1A60D000E383D /* PBXTargetDependency */,
			);
			name = ToggelrTests;
			productName = TableSoccerPocTests;
			productReference = D04334531BA1A60D000E383D /* Toggelr.xctest */;
			productType = "com.apple.product-type.bundle.unit-test";
		};
/* End PBXNativeTarget section */

/* Begin PBXProject section */
		D04334361BA1A60D000E383D /* Project object */ = {
			isa = PBXProject;
			attributes = {
				LastSwiftMigration = 0700;
				LastSwiftUpdateCheck = 0700;
				LastUpgradeCheck = 0640;
				ORGANIZATIONNAME = "4eyes GmbH";
				TargetAttributes = {
					D043343D1BA1A60D000E383D = {
						CreatedOnToolsVersion = 6.4;
						DevelopmentTeam = 72X8BNT3V2;
					};
					D04334521BA1A60D000E383D = {
						CreatedOnToolsVersion = 6.4;
						TestTargetID = D043343D1BA1A60D000E383D;
					};
				};
			};
			buildConfigurationList = D04334391BA1A60D000E383D /* Build configuration list for PBXProject "Toggelr" */;
			compatibilityVersion = "Xcode 3.2";
			developmentRegion = English;
			hasScannedForEncodings = 0;
			knownRegions = (
				en,
				Base,
			);
			mainGroup = D04334351BA1A60D000E383D;
			productRefGroup = D043343F1BA1A60D000E383D /* Products */;
			projectDirPath = "";
			projectRoot = "";
			targets = (
				D043343D1BA1A60D000E383D /* Toggelr */,
				D04334521BA1A60D000E383D /* ToggelrTests */,
			);
		};
/* End PBXProject section */

/* Begin PBXResourcesBuildPhase section */
		D043343C1BA1A60D000E383D /* Resources */ = {
			isa = PBXResourcesBuildPhase;
			buildActionMask = 2147483647;
			files = (
				D04334491BA1A60D000E383D /* Main.storyboard in Resources */,
				D043344E1BA1A60D000E383D /* LaunchScreen.xib in Resources */,
				D043344B1BA1A60D000E383D /* Images.xcassets in Resources */,
			);
			runOnlyForDeploymentPostprocessing = 0;
		};
		D04334511BA1A60D000E383D /* Resources */ = {
			isa = PBXResourcesBuildPhase;
			buildActionMask = 2147483647;
			files = (
			);
			runOnlyForDeploymentPostprocessing = 0;
		};
/* End PBXResourcesBuildPhase section */

/* Begin PBXShellScriptBuildPhase section */
		0B1EBC5D36609E1E934A8E08 /* [CP] Copy Pods Resources */ = {
			isa = PBXShellScriptBuildPhase;
			buildActionMask = 2147483647;
			files = (
			);
			inputPaths = (
			);
			name = "[CP] Copy Pods Resources";
			outputPaths = (
			);
			runOnlyForDeploymentPostprocessing = 0;
			shellPath = /bin/sh;
			shellScript = "\"${SRCROOT}/Pods/Target Support Files/Pods-Toggelr/Pods-Toggelr-resources.sh\"\n";
			showEnvVarsInLog = 0;
		};
		590E52F4EBFBD5578C092283 /* [CP] Check Pods Manifest.lock */ = {
			isa = PBXShellScriptBuildPhase;
			buildActionMask = 2147483647;
			files = (
			);
			inputPaths = (
			);
			name = "[CP] Check Pods Manifest.lock";
			outputPaths = (
			);
			runOnlyForDeploymentPostprocessing = 0;
			shellPath = /bin/sh;
			shellScript = "diff \"${PODS_ROOT}/../Podfile.lock\" \"${PODS_ROOT}/Manifest.lock\" > /dev/null\nif [[ $? != 0 ]] ; then\n    cat << EOM\nerror: The sandbox is not in sync with the Podfile.lock. Run 'pod install' or update your CocoaPods installation.\nEOM\n    exit 1\nfi\n";
			showEnvVarsInLog = 0;
		};
		A26058B7D5B1DF75A54FFF9F /* [CP] Embed Pods Frameworks */ = {
			isa = PBXShellScriptBuildPhase;
			buildActionMask = 2147483647;
			files = (
			);
			inputPaths = (
			);
			name = "[CP] Embed Pods Frameworks";
			outputPaths = (
			);
			runOnlyForDeploymentPostprocessing = 0;
			shellPath = /bin/sh;
			shellScript = "\"${SRCROOT}/Pods/Target Support Files/Pods-Toggelr/Pods-Toggelr-frameworks.sh\"\n";
			showEnvVarsInLog = 0;
		};
/* End PBXShellScriptBuildPhase section */

/* Begin PBXSourcesBuildPhase section */
		D043343A1BA1A60D000E383D /* Sources */ = {
			isa = PBXSourcesBuildPhase;
			buildActionMask = 2147483647;
			files = (
				D0AFE95C1BB2D990008C3FBA /* GameViewController.swift in Sources */,
				D04334671BA1BDC1000E383D /* GoalCell.swift in Sources */,
				D04334691BA1BEDD000E383D /* PlayersCollectionViewController.swift in Sources */,
				D04334651BA1B936000E383D /* PlayerView.swift in Sources */,
				D043346E1BA1C4F1000E383D /* KDDragAndDropCollectionView.swift in Sources */,
				D04334461BA1A60D000E383D /* PlayerViewController.swift in Sources */,
				D043346F1BA1C4F1000E383D /* KDDragAndDropManager.swift in Sources */,
				D04334441BA1A60D000E383D /* AppDelegate.swift in Sources */,
				D04334711BA1CBAF000E383D /* CenterCellCollectionViewFlowLayout.swift in Sources */,
				D043346D1BA1C4F1000E383D /* ColorCell.swift in Sources */,
			);
			runOnlyForDeploymentPostprocessing = 0;
		};
		D043344F1BA1A60D000E383D /* Sources */ = {
			isa = PBXSourcesBuildPhase;
			buildActionMask = 2147483647;
			files = (
				D043345A1BA1A60D000E383D /* TableSoccerPocTests.swift in Sources */,
			);
			runOnlyForDeploymentPostprocessing = 0;
		};
/* End PBXSourcesBuildPhase section */

/* Begin PBXTargetDependency section */
		D04334551BA1A60D000E383D /* PBXTargetDependency */ = {
			isa = PBXTargetDependency;
			target = D043343D1BA1A60D000E383D /* Toggelr */;
			targetProxy = D04334541BA1A60D000E383D /* PBXContainerItemProxy */;
		};
/* End PBXTargetDependency section */

/* Begin PBXVariantGroup section */
		D04334471BA1A60D000E383D /* Main.storyboard */ = {
			isa = PBXVariantGroup;
			children = (
				D04334481BA1A60D000E383D /* Base */,
			);
			name = Main.storyboard;
			sourceTree = "<group>";
		};
		D043344C1BA1A60D000E383D /* LaunchScreen.xib */ = {
			isa = PBXVariantGroup;
			children = (
				D043344D1BA1A60D000E383D /* Base */,
			);
			name = LaunchScreen.xib;
			sourceTree = "<group>";
		};
/* End PBXVariantGroup section */

/* Begin XCBuildConfiguration section */
		D043345B1BA1A60D000E383D /* Debug */ = {
			isa = XCBuildConfiguration;
			buildSettings = {
				ALWAYS_SEARCH_USER_PATHS = NO;
				CLANG_CXX_LANGUAGE_STANDARD = "gnu++0x";
				CLANG_CXX_LIBRARY = "libc++";
				CLANG_ENABLE_MODULES = YES;
				CLANG_ENABLE_OBJC_ARC = YES;
				CLANG_WARN_BOOL_CONVERSION = YES;
				CLANG_WARN_CONSTANT_CONVERSION = YES;
				CLANG_WARN_DIRECT_OBJC_ISA_USAGE = YES_ERROR;
				CLANG_WARN_EMPTY_BODY = YES;
				CLANG_WARN_ENUM_CONVERSION = YES;
				CLANG_WARN_INT_CONVERSION = YES;
				CLANG_WARN_OBJC_ROOT_CLASS = YES_ERROR;
				CLANG_WARN_UNREACHABLE_CODE = YES;
				CLANG_WARN__DUPLICATE_METHOD_MATCH = YES;
				"CODE_SIGN_IDENTITY[sdk=iphoneos*]" = "iPhone Developer";
				COPY_PHASE_STRIP = NO;
				DEBUG_INFORMATION_FORMAT = "dwarf-with-dsym";
				ENABLE_STRICT_OBJC_MSGSEND = YES;
				GCC_C_LANGUAGE_STANDARD = gnu99;
				GCC_DYNAMIC_NO_PIC = NO;
				GCC_NO_COMMON_BLOCKS = YES;
				GCC_OPTIMIZATION_LEVEL = 0;
				GCC_PREPROCESSOR_DEFINITIONS = (
					"DEBUG=1",
					"$(inherited)",
				);
				GCC_SYMBOLS_PRIVATE_EXTERN = NO;
				GCC_WARN_64_TO_32_BIT_CONVERSION = YES;
				GCC_WARN_ABOUT_RETURN_TYPE = YES_ERROR;
				GCC_WARN_UNDECLARED_SELECTOR = YES;
				GCC_WARN_UNINITIALIZED_AUTOS = YES_AGGRESSIVE;
				GCC_WARN_UNUSED_FUNCTION = YES;
				GCC_WARN_UNUSED_VARIABLE = YES;
				IPHONEOS_DEPLOYMENT_TARGET = 9.3;
				MTL_ENABLE_DEBUG_INFO = YES;
				ONLY_ACTIVE_ARCH = YES;
				SDKROOT = iphoneos;
				SWIFT_OPTIMIZATION_LEVEL = "-Onone";
			};
			name = Debug;
		};
		D043345C1BA1A60D000E383D /* Release */ = {
			isa = XCBuildConfiguration;
			buildSettings = {
				ALWAYS_SEARCH_USER_PATHS = NO;
				CLANG_CXX_LANGUAGE_STANDARD = "gnu++0x";
				CLANG_CXX_LIBRARY = "libc++";
				CLANG_ENABLE_MODULES = YES;
				CLANG_ENABLE_OBJC_ARC = YES;
				CLANG_WARN_BOOL_CONVERSION = YES;
				CLANG_WARN_CONSTANT_CONVERSION = YES;
				CLANG_WARN_DIRECT_OBJC_ISA_USAGE = YES_ERROR;
				CLANG_WARN_EMPTY_BODY = YES;
				CLANG_WARN_ENUM_CONVERSION = YES;
				CLANG_WARN_INT_CONVERSION = YES;
				CLANG_WARN_OBJC_ROOT_CLASS = YES_ERROR;
				CLANG_WARN_UNREACHABLE_CODE = YES;
				CLANG_WARN__DUPLICATE_METHOD_MATCH = YES;
				"CODE_SIGN_IDENTITY[sdk=iphoneos*]" = "iPhone Developer";
				COPY_PHASE_STRIP = NO;
				DEBUG_INFORMATION_FORMAT = "dwarf-with-dsym";
				ENABLE_NS_ASSERTIONS = NO;
				ENABLE_STRICT_OBJC_MSGSEND = YES;
				GCC_C_LANGUAGE_STANDARD = gnu99;
				GCC_NO_COMMON_BLOCKS = YES;
				GCC_WARN_64_TO_32_BIT_CONVERSION = YES;
				GCC_WARN_ABOUT_RETURN_TYPE = YES_ERROR;
				GCC_WARN_UNDECLARED_SELECTOR = YES;
				GCC_WARN_UNINITIALIZED_AUTOS = YES_AGGRESSIVE;
				GCC_WARN_UNUSED_FUNCTION = YES;
				GCC_WARN_UNUSED_VARIABLE = YES;
				IPHONEOS_DEPLOYMENT_TARGET = 9.3;
				MTL_ENABLE_DEBUG_INFO = NO;
				SDKROOT = iphoneos;
				VALIDATE_PRODUCT = YES;
			};
			name = Release;
		};
		D043345E1BA1A60D000E383D /* Debug */ = {
			isa = XCBuildConfiguration;
			baseConfigurationReference = D68EF0DEAF052ACFFB88F810 /* Pods-Toggelr.debug.xcconfig */;
			buildSettings = {
				ASSETCATALOG_COMPILER_APPICON_NAME = AppIcon;
				CODE_SIGN_IDENTITY = "iPhone Developer";
				"CODE_SIGN_IDENTITY[sdk=iphoneos*]" = "iPhone Developer";
				DEVELOPMENT_TEAM = 72X8BNT3V2;
				INFOPLIST_FILE = TableSoccerPoc/Info.plist;
				LD_RUNPATH_SEARCH_PATHS = "$(inherited) @executable_path/Frameworks";
				PRODUCT_NAME = Toggelr;
				PROVISIONING_PROFILE = "";
			};
			name = Debug;
		};
		D043345F1BA1A60D000E383D /* Release */ = {
			isa = XCBuildConfiguration;
			baseConfigurationReference = EEFEA0893F1561182FB01A4C /* Pods-Toggelr.release.xcconfig */;
			buildSettings = {
				ASSETCATALOG_COMPILER_APPICON_NAME = AppIcon;
				CODE_SIGN_IDENTITY = "iPhone Developer";
				"CODE_SIGN_IDENTITY[sdk=iphoneos*]" = "iPhone Developer";
				DEVELOPMENT_TEAM = 72X8BNT3V2;
				INFOPLIST_FILE = TableSoccerPoc/Info.plist;
				LD_RUNPATH_SEARCH_PATHS = "$(inherited) @executable_path/Frameworks";
				PRODUCT_NAME = Toggelr;
				PROVISIONING_PROFILE = "";
			};
			name = Release;
		};
		D04334611BA1A60D000E383D /* Debug */ = {
			isa = XCBuildConfiguration;
			buildSettings = {
				BUNDLE_LOADER = "$(TEST_HOST)";
				FRAMEWORK_SEARCH_PATHS = (
					"$(SDKROOT)/Developer/Library/Frameworks",
					"$(inherited)",
				);
				GCC_PREPROCESSOR_DEFINITIONS = (
					"DEBUG=1",
					"$(inherited)",
				);
				INFOPLIST_FILE = TableSoccerPocTests/Info.plist;
				LD_RUNPATH_SEARCH_PATHS = "$(inherited) @executable_path/Frameworks @loader_path/Frameworks";
				PRODUCT_NAME = Toggelr;
				TEST_HOST = "$(BUILT_PRODUCTS_DIR)/Toggelr.app/Toggelr";
			};
			name = Debug;
		};
		D04334621BA1A60D000E383D /* Release */ = {
			isa = XCBuildConfiguration;
			buildSettings = {
				BUNDLE_LOADER = "$(TEST_HOST)";
				FRAMEWORK_SEARCH_PATHS = (
					"$(SDKROOT)/Developer/Library/Frameworks",
					"$(inherited)",
				);
				INFOPLIST_FILE = TableSoccerPocTests/Info.plist;
				LD_RUNPATH_SEARCH_PATHS = "$(inherited) @executable_path/Frameworks @loader_path/Frameworks";
				PRODUCT_NAME = Toggelr;
				TEST_HOST = "$(BUILT_PRODUCTS_DIR)/Toggelr.app/Toggelr";
			};
			name = Release;
		};
/* End XCBuildConfiguration section */

/* Begin XCConfigurationList section */
		D04334391BA1A60D000E383D /* Build configuration list for PBXProject "Toggelr" */ = {
			isa = XCConfigurationList;
			buildConfigurations = (
				D043345B1BA1A60D000E383D /* Debug */,
				D043345C1BA1A60D000E383D /* Release */,
			);
			defaultConfigurationIsVisible = 0;
			defaultConfigurationName = Release;
		};
		D043345D1BA1A60D000E383D /* Build configuration list for PBXNativeTarget "Toggelr" */ = {
			isa = XCConfigurationList;
			buildConfigurations = (
				D043345E1BA1A60D000E383D /* Debug */,
				D043345F1BA1A60D000E383D /* Release */,
			);
			defaultConfigurationIsVisible = 0;
			defaultConfigurationName = Release;
		};
		D04334601BA1A60D000E383D /* Build configuration list for PBXNativeTarget "ToggelrTests" */ = {
			isa = XCConfigurationList;
			buildConfigurations = (
				D04334611BA1A60D000E383D /* Debug */,
				D04334621BA1A60D000E383D /* Release */,
			);
			defaultConfigurationIsVisible = 0;
			defaultConfigurationName = Release;
		};
/* End XCConfigurationList section */
	};
	rootObject = D04334361BA1A60D000E383D /* Project object */;
}
